
Microsoft Visual Studio Solution File, Format Version 12.00
# Visual Studio Version 17
VisualStudioVersion = 17.7.34031.279
MinimumVisualStudioVersion = 10.0.40219.1
Project("{9A19103F-16F7-4668-BE54-9A1E7A4F7556}") = "ClearFrost", "ClearFrost\ClearFrost.csproj", "{C729BCCE-1C7C-483A-80F7-4DAECA0B31BC}"
EndProject
Project("{9A19103F-16F7-4668-BE54-9A1E7A4F7556}") = "ClearFrost.Tests", "ClearFrost.Tests\ClearFrost.Tests.csproj", "{DE5DFDB5-CA5F-4F00-AC41-DEAD50B7D3E4}"
EndProject
Project("{2150E333-8FDC-42A3-9474-1A3956D46DE8}") = "tools", "tools", "{07C2787E-EAC7-C090-1BA3-A61EC2A24D84}"
EndProject
Project("{9A19103F-16F7-4668-BE54-9A1E7A4F7556}") = "ClearFrost.PlcProbe", "tools\ClearFrost.PlcProbe\ClearFrost.PlcProbe.csproj", "{93FB398E-44C8-43F4-A461-49E3C4951BCD}"
EndProject
Project("{9A19103F-16F7-4668-BE54-9A1E7A4F7556}") = "ClearFrost.SimStress", "tools\ClearFrost.SimStress\ClearFrost.SimStress.csproj", "{66D56E57-D19F-4FF4-9F3B-53D94F7D726A}"
EndProject
Project("{9A19103F-16F7-4668-BE54-9A1E7A4F7556}") = "HslTypeAnalyzer", "tools\HslTypeAnalyzer\HslTypeAnalyzer.csproj", "{A5B3D9E8-4D8C-4D58-8F50-948F77DAF537}"
EndProject
Project("{9A19103F-16F7-4668-BE54-9A1E7A4F7556}") = "ClearFrost.YoloProbe", "tools\ClearFrost.YoloProbe\ClearFrost.YoloProbe.csproj", "{C1F5A7B4-0F9D-4D68-BDE4-9A4DA3204C77}"
EndProject
Global
	GlobalSection(SolutionConfigurationPlatforms) = preSolution
		Debug|x64 = Debug|x64
		Release|x64 = Release|x64
	EndGlobalSection
	GlobalSection(ProjectConfigurationPlatforms) = postSolution
		{C729BCCE-1C7C-483A-80F7-4DAECA0B31BC}.Debug|x64.ActiveCfg = Debug|x64
		{C729BCCE-1C7C-483A-80F7-4DAECA0B31BC}.Debug|x64.Build.0 = Debug|x64
		{C729BCCE-1C7C-483A-80F7-4DAECA0B31BC}.Release|x64.ActiveCfg = Release|x64
		{C729BCCE-1C7C-483A-80F7-4DAECA0B31BC}.Release|x64.Build.0 = Release|x64
		{DE5DFDB5-CA5F-4F00-AC41-DEAD50B7D3E4}.Debug|x64.ActiveCfg = Debug|x64
		{DE5DFDB5-CA5F-4F00-AC41-DEAD50B7D3E4}.Debug|x64.Build.0 = Debug|x64
		{DE5DFDB5-CA5F-4F00-AC41-DEAD50B7D3E4}.Release|x64.ActiveCfg = Release|x64
		{DE5DFDB5-CA5F-4F00-AC41-DEAD50B7D3E4}.Release|x64.Build.0 = Release|x64
		{93FB398E-44C8-43F4-A461-49E3C4951BCD}.Debug|x64.ActiveCfg = Debug|x64
		{93FB398E-44C8-43F4-A461-49E3C4951BCD}.Debug|x64.Build.0 = Debug|x64
		{93FB398E-44C8-43F4-A461-49E3C4951BCD}.Release|x64.ActiveCfg = Release|x64
		{93FB398E-44C8-43F4-A461-49E3C4951BCD}.Release|x64.Build.0 = Release|x64
		{66D56E57-D19F-4FF4-9F3B-53D94F7D726A}.Debug|x64.ActiveCfg = Debug|x64
		{66D56E57-D19F-4FF4-9F3B-53D94F7D726A}.Debug|x64.Build.0 = Debug|x64
		{66D56E57-D19F-4FF4-9F3B-53D94F7D726A}.Release|x64.ActiveCfg = Release|x64
		{66D56E57-D19F-4FF4-9F3B-53D94F7D726A}.Release|x64.Build.0 = Release|x64
		{A5B3D9E8-4D8C-4D58-8F50-948F77DAF537}.Debug|x64.ActiveCfg = Debug|x64
		{A5B3D9E8-4D8C-4D58-8F50-948F77DAF537}.Debug|x64.Build.0 = Debug|x64
		{A5B3D9E8-4D8C-4D58-8F50-948F77DAF537}.Release|x64.ActiveCfg = Release|x64
		{A5B3D9E8-4D8C-4D58-8F50-948F77DAF537}.Release|x64.Build.0 = Release|x64
		{C1F5A7B4-0F9D-4D68-BDE4-9A4DA3204C77}.Debug|x64.ActiveCfg = Debug|x64
		{C1F5A7B4-0F9D-4D68-BDE4-9A4DA3204C77}.Debug|x64.Build.0 = Debug|x64
		{C1F5A7B4-0F9D-4D68-BDE4-9A4DA3204C77}.Release|x64.ActiveCfg = Release|x64
		{C1F5A7B4-0F9D-4D68-BDE4-9A4DA3204C77}.Release|x64.Build.0 = Release|x64
	EndGlobalSection
	GlobalSection(SolutionProperties) = preSolution
		HideSolutionNode = FALSE
	EndGlobalSection
	GlobalSection(NestedProjects) = preSolution
		{93FB398E-44C8-43F4-A461-49E3C4951BCD} = {07C2787E-EAC7-C090-1BA3-A61EC2A24D84}
		{66D56E57-D19F-4FF4-9F3B-53D94F7D726A} = {07C2787E-EAC7-C090-1BA3-A61EC2A24D84}
		{A5B3D9E8-4D8C-4D58-8F50-948F77DAF537} = {07C2787E-EAC7-C090-1BA3-A61EC2A24D84}
		{C1F5A7B4-0F9D-4D68-BDE4-9A4DA3204C77} = {07C2787E-EAC7-C090-1BA3-A61EC2A24D84}
	EndGlobalSection
	GlobalSection(ExtensibilityGlobals) = postSolution
		SolutionGuid = {C397AAFF-5460-454C-A819-8B30A5840FBB}
	EndGlobalSection
EndGlobal
